
Microsoft Visual Studio Solution File, Format Version 12.00
# Visual Studio Version 16
VisualStudioVersion = 16.0.30114.105
MinimumVisualStudioVersion = 10.0.40219.1
Project("{FAE04EC0-301F-11D3-BF4B-00C04F79EFBC}") = "Web Demo", "Web Demo\Web Demo.csproj", "{DF01342B-9E75-4CA8-8866-B2EE5F47B522}"
EndProject
Project("{FAE04EC0-301F-11D3-BF4B-00C04F79EFBC}") = "Show Report in the Viewer", "Show Report in the Viewer\Show Report in the Viewer.csproj", "{873BE8C8-7778-44B5-A337-C0453531D0F4}"
EndProject
Project("{FAE04EC0-301F-11D3-BF4B-00C04F79EFBC}") = "Full Screen Mode in Viewer", "Full Screen Mode in Viewer\Full Screen Mode in Viewer.csproj", "{B58D8FB7-7BB4-4AA5-BD25-88D607444C5E}"
EndProject
Project("{FAE04EC0-301F-11D3-BF4B-00C04F79EFBC}") = "Showing Interactive Reports", "Showing Interactive Reports\Showing Interactive Reports.csproj", "{D6AFB3EC-F86E-4981-8145-BF46FB3A4FCB}"
EndProject
Project("{FAE04EC0-301F-11D3-BF4B-00C04F79EFBC}") = "Using Business Objects in the Report", "Using Business Objects in the Report\Using Business Objects in the Report.csproj", "{6B122FB5-AC24-415A-94CD-C625A7F59BF0}"
EndProject
Project("{FAE04EC0-301F-11D3-BF4B-00C04F79EFBC}") = "Localizing the Viewer", "Localizing the Viewer\Localizing the Viewer.csproj", "{1452B3D9-5110-4F2F-B5B5-99EAB81336E7}"
EndProject
Project("{FAE04EC0-301F-11D3-BF4B-00C04F79EFBC}") = "Manage Report Printing and Exporting", "Manage Report Printing and Exporting\Manage Report Printing and Exporting.csproj", "{4C174778-3C94-4C5E-85E4-D8AF06A0A114}"
EndProject
Project("{FAE04EC0-301F-11D3-BF4B-00C04F79EFBC}") = "Send Report by Email", "Send Report by Email\Send Report by Email.csproj", "{9AE4DD4F-E81F-4B37-951C-5D7D33336ACC}"
EndProject
Project("{FAE04EC0-301F-11D3-BF4B-00C04F79EFBC}") = "Change the Viewer Theme", "Change the Viewer Theme\Change the Viewer Theme.csproj", "{1C046A94-A82D-4A39-8F16-23C0FBDC6B1B}"
EndProject
Project("{FAE04EC0-301F-11D3-BF4B-00C04F79EFBC}") = "Edit Report in the Designer", "Edit Report in the Designer\Edit Report in the Designer.csproj", "{C30477C5-F07C-4189-BB54-13F22BACE731}"
EndProject
Project("{FAE04EC0-301F-11D3-BF4B-00C04F79EFBC}") = "Save Report Template in the Designer", "Save Report Template in the Designer\Save Report Template in the Designer.csproj", "{CF43A601-17EA-4740-B2B9-4B1BAFFB00BE}"
EndProject
Project("{FAE04EC0-301F-11D3-BF4B-00C04F79EFBC}") = "Using the Viewer and Designer in One Project", "Using the Viewer and Designer in One Project\Using the Viewer and Designer in One Project.csproj", "{1E4B1F04-3816-45E1-BD30-FCE09EFA5E3B}"
EndProject
Project("{FAE04EC0-301F-11D3-BF4B-00C04F79EFBC}") = "Export and Print Report from Code", "Export and Print Report from Code\Export and Print Report from Code.csproj", "{FFDDFC36-A586-44D6-9406-7BEA12D45E8B}"
EndProject
Global
	GlobalSection(SolutionConfigurationPlatforms) = preSolution
		Debug|Any CPU = Debug|Any CPU
		Release|Any CPU = Release|Any CPU
	EndGlobalSection
	GlobalSection(ProjectConfigurationPlatforms) = postSolution
		{DF01342B-9E75-4CA8-8866-B2EE5F47B522}.Debug|Any CPU.ActiveCfg = Debug|Any CPU
		{DF01342B-9E75-4CA8-8866-B2EE5F47B522}.Debug|Any CPU.Build.0 = Debug|Any CPU
		{DF01342B-9E75-4CA8-8866-B2EE5F47B522}.Release|Any CPU.ActiveCfg = Release|Any CPU
		{DF01342B-9E75-4CA8-8866-B2EE5F47B522}.Release|Any CPU.Build.0 = Release|Any CPU
		{873BE8C8-7778-44B5-A337-C0453531D0F4}.Debug|Any CPU.ActiveCfg = Debug|Any CPU
		{873BE8C8-7778-44B5-A337-C0453531D0F4}.Debug|Any CPU.Build.0 = Debug|Any CPU
		{873BE8C8-7778-44B5-A337-C0453531D0F4}.Release|Any CPU.ActiveCfg = Release|Any CPU
		{873BE8C8-7778-44B5-A337-C0453531D0F4}.Release|Any CPU.Build.0 = Release|Any CPU
		{B58D8FB7-7BB4-4AA5-BD25-88D607444C5E}.Debug|Any CPU.ActiveCfg = Debug|Any CPU
		{B58D8FB7-7BB4-4AA5-BD25-88D607444C5E}.Debug|Any CPU.Build.0 = Debug|Any CPU
		{B58D8FB7-7BB4-4AA5-BD25-88D607444C5E}.Release|Any CPU.ActiveCfg = Release|Any CPU
		{B58D8FB7-7BB4-4AA5-BD25-88D607444C5E}.Release|Any CPU.Build.0 = Release|Any CPU
		{D6AFB3EC-F86E-4981-8145-BF46FB3A4FCB}.Debug|Any CPU.ActiveCfg = Debug|Any CPU
		{D6AFB3EC-F86E-4981-8145-BF46FB3A4FCB}.Debug|Any CPU.Build.0 = Debug|Any CPU
		{D6AFB3EC-F86E-4981-8145-BF46FB3A4FCB}.Release|Any CPU.ActiveCfg = Release|Any CPU
		{D6AFB3EC-F86E-4981-8145-BF46FB3A4FCB}.Release|Any CPU.Build.0 = Release|Any CPU
		{6B122FB5-AC24-415A-94CD-C625A7F59BF0}.Debug|Any CPU.ActiveCfg = Debug|Any CPU
		{6B122FB5-AC24-415A-94CD-C625A7F59BF0}.Debug|Any CPU.Build.0 = Debug|Any CPU
		{6B122FB5-AC24-415A-94CD-C625A7F59BF0}.Release|Any CPU.ActiveCfg = Release|Any CPU
		{6B122FB5-AC24-415A-94CD-C625A7F59BF0}.Release|Any CPU.Build.0 = Release|Any CPU
		{1452B3D9-5110-4F2F-B5B5-99EAB81336E7}.Debug|Any CPU.ActiveCfg = Debug|Any CPU
		{1452B3D9-5110-4F2F-B5B5-99EAB81336E7}.Debug|Any CPU.Build.0 = Debug|Any CPU
		{1452B3D9-5110-4F2F-B5B5-99EAB81336E7}.Release|Any CPU.ActiveCfg = Release|Any CPU
		{1452B3D9-5110-4F2F-B5B5-99EAB81336E7}.Release|Any CPU.Build.0 = Release|Any CPU
		{4C174778-3C94-4C5E-85E4-D8AF06A0A114}.Debug|Any CPU.ActiveCfg = Debug|Any CPU
		{4C174778-3C94-4C5E-85E4-D8AF06A0A114}.Debug|Any CPU.Build.0 = Debug|Any CPU
		{4C174778-3C94-4C5E-85E4-D8AF06A0A114}.Release|Any CPU.ActiveCfg = Release|Any CPU
		{4C174778-3C94-4C5E-85E4-D8AF06A0A114}.Release|Any CPU.Build.0 = Release|Any CPU
		{9AE4DD4F-E81F-4B37-951C-5D7D33336ACC}.Debug|Any CPU.ActiveCfg = Debug|Any CPU
		{9AE4DD4F-E81F-4B37-951C-5D7D33336ACC}.Debug|Any CPU.Build.0 = Debug|Any CPU
		{9AE4DD4F-E81F-4B37-951C-5D7D33336ACC}.Release|Any CPU.ActiveCfg = Release|Any CPU
		{9AE4DD4F-E81F-4B37-951C-5D7D33336ACC}.Release|Any CPU.Build.0 = Release|Any CPU
		{1C046A94-A82D-4A39-8F16-23C0FBDC6B1B}.Debug|Any CPU.ActiveCfg = Debug|Any CPU
		{1C046A94-A82D-4A39-8F16-23C0FBDC6B1B}.Debug|Any CPU.Build.0 = Debug|Any CPU
		{1C046A94-A82D-4A39-8F16-23C0FBDC6B1B}.Release|Any CPU.ActiveCfg = Release|Any CPU
		{1C046A94-A82D-4A39-8F16-23C0FBDC6B1B}.Release|Any CPU.Build.0 = Release|Any CPU
		{C30477C5-F07C-4189-BB54-13F22BACE731}.Debug|Any CPU.ActiveCfg = Debug|Any CPU
		{C30477C5-F07C-4189-BB54-13F22BACE731}.Debug|Any CPU.Build.0 = Debug|Any CPU
		{C30477C5-F07C-4189-BB54-13F22BACE731}.Release|Any CPU.ActiveCfg = Release|Any CPU
		{C30477C5-F07C-4189-BB54-13F22BACE731}.Release|Any CPU.Build.0 = Release|Any CPU
		{CF43A601-17EA-4740-B2B9-4B1BAFFB00BE}.Debug|Any CPU.ActiveCfg = Debug|Any CPU
		{CF43A601-17EA-4740-B2B9-4B1BAFFB00BE}.Debug|Any CPU.Build.0 = Debug|Any CPU
		{CF43A601-17EA-4740-B2B9-4B1BAFFB00BE}.Release|Any CPU.ActiveCfg = Release|Any CPU
		{CF43A601-17EA-4740-B2B9-4B1BAFFB00BE}.Release|Any CPU.Build.0 = Release|Any CPU
		{1E4B1F04-3816-45E1-BD30-FCE09EFA5E3B}.Debug|Any CPU.ActiveCfg = Debug|Any CPU
		{1E4B1F04-3816-45E1-BD30-FCE09EFA5E3B}.Debug|Any CPU.Build.0 = Debug|Any CPU
		{1E4B1F04-3816-45E1-BD30-FCE09EFA5E3B}.Release|Any CPU.ActiveCfg = Release|Any CPU
		{1E4B1F04-3816-45E1-BD30-FCE09EFA5E3B}.Release|Any CPU.Build.0 = Release|Any CPU
		{FFDDFC36-A586-44D6-9406-7BEA12D45E8B}.Debug|Any CPU.ActiveCfg = Debug|Any CPU
		{FFDDFC36-A586-44D6-9406-7BEA12D45E8B}.Debug|Any CPU.Build.0 = Debug|Any CPU
		{FFDDFC36-A586-44D6-9406-7BEA12D45E8B}.Release|Any CPU.ActiveCfg = Release|Any CPU
		{FFDDFC36-A586-44D6-9406-7BEA12D45E8B}.Release|Any CPU.Build.0 = Release|Any CPU
	EndGlobalSection
	GlobalSection(SolutionProperties) = preSolution
		HideSolutionNode = FALSE
	EndGlobalSection
	GlobalSection(ExtensibilityGlobals) = postSolution
		SolutionGuid = {990117F9-603A-487A-BD1E-E25A62907495}
	EndGlobalSection
EndGlobal
